
Microsoft Visual Studio Solution File, Format Version 12.00
# Visual Studio Express 2012 for Windows Phone
Project("{FAE04EC0-301F-11D3-BF4B-00C04F79EFBC}") = "Gymoberwil", "Gymoberwil\Gymoberwil.csproj", "{DC855D19-C7D9-4586-8524-AF0FEDF842ED}"
EndProject
Global
	GlobalSection(SolutionConfigurationPlatforms) = preSolution
		Debug|Any CPU = Debug|Any CPU
		Debug|ARM = Debug|ARM
		Debug|x86 = Debug|x86
		Release|Any CPU = Release|Any CPU
		Release|ARM = Release|ARM
		Release|x86 = Release|x86
	EndGlobalSection
	GlobalSection(ProjectConfigurationPlatforms) = postSolution
		{DC855D19-C7D9-4586-8524-AF0FEDF842ED}.Debug|Any CPU.ActiveCfg = Debug|Any CPU
		{DC855D19-C7D9-4586-8524-AF0FEDF842ED}.Debug|Any CPU.Build.0 = Debug|Any CPU
		{DC855D19-C7D9-4586-8524-AF0FEDF842ED}.Debug|Any CPU.Deploy.0 = Debug|Any CPU
		{DC855D19-C7D9-4586-8524-AF0FEDF842ED}.Debug|ARM.ActiveCfg = Debug|ARM
		{DC855D19-C7D9-4586-8524-AF0FEDF842ED}.Debug|ARM.Build.0 = Debug|ARM
		{DC855D19-C7D9-4586-8524-AF0FEDF842ED}.Debug|ARM.Deploy.0 = Debug|ARM
		{DC855D19-C7D9-4586-8524-AF0FEDF842ED}.Debug|x86.ActiveCfg = Debug|x86
		{DC855D19-C7D9-4586-8524-AF0FEDF842ED}.Debug|x86.Build.0 = Debug|x86
		{DC855D19-C7D9-4586-8524-AF0FEDF842ED}.Debug|x86.Deploy.0 = Debug|x86
		{DC855D19-C7D9-4586-8524-AF0FEDF842ED}.Release|Any CPU.ActiveCfg = Release|Any CPU
		{DC855D19-C7D9-4586-8524-AF0FEDF842ED}.Release|Any CPU.Build.0 = Release|Any CPU
		{DC855D19-C7D9-4586-8524-AF0FEDF842ED}.Release|Any CPU.Deploy.0 = Release|Any CPU
		{DC855D19-C7D9-4586-8524-AF0FEDF842ED}.Release|ARM.ActiveCfg = Release|ARM
		{DC855D19-C7D9-4586-8524-AF0FEDF842ED}.Release|ARM.Build.0 = Release|ARM
		{DC855D19-C7D9-4586-8524-AF0FEDF842ED}.Release|ARM.Deploy.0 = Release|ARM
		{DC855D19-C7D9-4586-8524-AF0FEDF842ED}.Release|x86.ActiveCfg = Release|x86
		{DC855D19-C7D9-4586-8524-AF0FEDF842ED}.Release|x86.Build.0 = Release|x86
		{DC855D19-C7D9-4586-8524-AF0FEDF842ED}.Release|x86.Deploy.0 = Release|x86
	EndGlobalSection
	GlobalSection(SolutionProperties) = preSolution
		HideSolutionNode = FALSE
	EndGlobalSection
EndGlobal
